
Microsoft Visual Studio Solution File, Format Version 12.00
# Visual Studio 15
VisualStudioVersion = 15.0.27703.2026
MinimumVisualStudioVersion = 10.0.40219.1
Project("{9A19103F-16F7-4668-BE54-9A1E7A4F7556}") = "AirCheck.Tizen", "AirCheck.Tizen\AirCheck.Tizen.csproj", "{E6312AF9-328D-4A17-9677-1341036CB73A}"
EndProject
Project("{9A19103F-16F7-4668-BE54-9A1E7A4F7556}") = "AirCheck.Core", "AirCheck.Core\AirCheck.Core.csproj", "{1A2E3F3C-8A0F-482F-A085-D0FAFDC4EDC5}"
EndProject
Project("{FAE04EC0-301F-11D3-BF4B-00C04F79EFBC}") = "AirCheck.Droid", "AirCheck.Droid\AirCheck.Droid.csproj", "{65B067CE-399A-484B-8C67-E32A0D8E9326}"
EndProject
Project("{FAE04EC0-301F-11D3-BF4B-00C04F79EFBC}") = "AirCheck.Tizen.UI", "AirCheck.Tizen.UI\AirCheck.Tizen.UI.csproj", "{FE550B97-52FD-4483-8169-AA6050F91E0F}"
EndProject
Project("{FAE04EC0-301F-11D3-BF4B-00C04F79EFBC}") = "AirCheck.Droid.UI", "AirCheck.Droid.UI\AirCheck.Droid.UI.csproj", "{4A5B4BCD-90AB-43DB-9226-01127680817C}"
EndProject
Global
	GlobalSection(SolutionConfigurationPlatforms) = preSolution
		Debug|Any CPU = Debug|Any CPU
		Release|Any CPU = Release|Any CPU
	EndGlobalSection
	GlobalSection(ProjectConfigurationPlatforms) = postSolution
		{E6312AF9-328D-4A17-9677-1341036CB73A}.Debug|Any CPU.ActiveCfg = Debug|Any CPU
		{E6312AF9-328D-4A17-9677-1341036CB73A}.Debug|Any CPU.Build.0 = Debug|Any CPU
		{E6312AF9-328D-4A17-9677-1341036CB73A}.Release|Any CPU.ActiveCfg = Release|Any CPU
		{E6312AF9-328D-4A17-9677-1341036CB73A}.Release|Any CPU.Build.0 = Release|Any CPU
		{1A2E3F3C-8A0F-482F-A085-D0FAFDC4EDC5}.Debug|Any CPU.ActiveCfg = Debug|Any CPU
		{1A2E3F3C-8A0F-482F-A085-D0FAFDC4EDC5}.Debug|Any CPU.Build.0 = Debug|Any CPU
		{1A2E3F3C-8A0F-482F-A085-D0FAFDC4EDC5}.Release|Any CPU.ActiveCfg = Release|Any CPU
		{1A2E3F3C-8A0F-482F-A085-D0FAFDC4EDC5}.Release|Any CPU.Build.0 = Release|Any CPU
		{65B067CE-399A-484B-8C67-E32A0D8E9326}.Debug|Any CPU.ActiveCfg = Debug|Any CPU
		{65B067CE-399A-484B-8C67-E32A0D8E9326}.Debug|Any CPU.Build.0 = Debug|Any CPU
		{65B067CE-399A-484B-8C67-E32A0D8E9326}.Debug|Any CPU.Deploy.0 = Debug|Any CPU
		{65B067CE-399A-484B-8C67-E32A0D8E9326}.Release|Any CPU.ActiveCfg = Release|Any CPU
		{65B067CE-399A-484B-8C67-E32A0D8E9326}.Release|Any CPU.Build.0 = Release|Any CPU
		{65B067CE-399A-484B-8C67-E32A0D8E9326}.Release|Any CPU.Deploy.0 = Release|Any CPU
		{FE550B97-52FD-4483-8169-AA6050F91E0F}.Debug|Any CPU.ActiveCfg = Debug|Any CPU
		{FE550B97-52FD-4483-8169-AA6050F91E0F}.Debug|Any CPU.Build.0 = Debug|Any CPU
		{FE550B97-52FD-4483-8169-AA6050F91E0F}.Release|Any CPU.ActiveCfg = Release|Any CPU
		{FE550B97-52FD-4483-8169-AA6050F91E0F}.Release|Any CPU.Build.0 = Release|Any CPU
		{4A5B4BCD-90AB-43DB-9226-01127680817C}.Debug|Any CPU.ActiveCfg = Debug|Any CPU
		{4A5B4BCD-90AB-43DB-9226-01127680817C}.Debug|Any CPU.Build.0 = Debug|Any CPU
		{4A5B4BCD-90AB-43DB-9226-01127680817C}.Release|Any CPU.ActiveCfg = Release|Any CPU
		{4A5B4BCD-90AB-43DB-9226-01127680817C}.Release|Any CPU.Build.0 = Release|Any CPU
	EndGlobalSection
	GlobalSection(SolutionProperties) = preSolution
		HideSolutionNode = FALSE
	EndGlobalSection
	GlobalSection(ExtensibilityGlobals) = postSolution
		SolutionGuid = {86318113-EF47-4428-AF81-F34D84489808}
	EndGlobalSection
EndGlobal
